// !$*UTF8*$!
{
	archiveVersion = 1;
	classes = {
	};
	objectVersion = 51;
	objects = {

/* Begin PBXBuildFile section */
		76C18EAC51106EB298D870ED /* Pods_SafariAR.framework in Frameworks */ = {isa = PBXBuildFile; fileRef = 3A283C6A045DFD1C70E41B4A /* Pods_SafariAR.framework */; };
		B70D8BD42319B44900882160 /* Main.storyboard in Resources */ = {isa = PBXBuildFile; fileRef = B72EC8F32316AB17009CFFDA /* Main.storyboard */; };
		B70D8BD52319B48900882160 /* art.scnassets in Resources */ = {isa = PBXBuildFile; fileRef = B72EC8EF2316AB17009CFFDA /* art.scnassets */; };
		B70D8BD62319B49000882160 /* elephant.mp4 in Resources */ = {isa = PBXBuildFile; fileRef = B72EC9012316AB57009CFFDA /* elephant.mp4 */; };
		B70D8BD72319B49200882160 /* rhinos.mp4 in Resources */ = {isa = PBXBuildFile; fileRef = B737A33D2318335600A35B00 /* rhinos.mp4 */; };
		B70D8BD82319B74D00882160 /* Assets.xcassets in Resources */ = {isa = PBXBuildFile; fileRef = B72EC8F62316AB18009CFFDA /* Assets.xcassets */; };
		B70D8BDA231AAFB800882160 /* HomeViewController.swift in Sources */ = {isa = PBXBuildFile; fileRef = B70D8BD9231AAFB800882160 /* HomeViewController.swift */; };
		B715EE5B236835E900BA680B /* EndangeredAnimals.mlmodel in Sources */ = {isa = PBXBuildFile; fileRef = B715EE5A236835E900BA680B /* EndangeredAnimals.mlmodel */; };
		B72EC8EE2316AB17009CFFDA /* AppDelegate.swift in Sources */ = {isa = PBXBuildFile; fileRef = B72EC8ED2316AB17009CFFDA /* AppDelegate.swift */; };
		B72EC8F22316AB17009CFFDA /* ARZooViewController.swift in Sources */ = {isa = PBXBuildFile; fileRef = B72EC8F12316AB17009CFFDA /* ARZooViewController.swift */; };
		B74BFE5C23216850007D0515 /* QuizViewController.swift in Sources */ = {isa = PBXBuildFile; fileRef = B74BFE5B23216850007D0515 /* QuizViewController.swift */; };
		B74BFE5E23217044007D0515 /* Question.swift in Sources */ = {isa = PBXBuildFile; fileRef = B74BFE5D23217044007D0515 /* Question.swift */; };
		B74BFE6023217062007D0515 /* QuestionList.swift in Sources */ = {isa = PBXBuildFile; fileRef = B74BFE5F23217062007D0515 /* QuestionList.swift */; };
		B74BFE66232170EA007D0515 /* ProgressHUD.bundle in Resources */ = {isa = PBXBuildFile; fileRef = B74BFE63232170E6007D0515 /* ProgressHUD.bundle */; };
		B74BFE67232170EA007D0515 /* ProgressHUD.m in Sources */ = {isa = PBXBuildFile; fileRef = B74BFE64232170E7007D0515 /* ProgressHUD.m */; };
		B74C97CA2367C45C00EACA14 /* ESModel2.mlmodel in Sources */ = {isa = PBXBuildFile; fileRef = B74C97C92367C45B00EACA14 /* ESModel2.mlmodel */; };
		B7A2C6CD234B723E0063C011 /* AnimalRecognition.mlmodel in Sources */ = {isa = PBXBuildFile; fileRef = B7A2C6CC234B723E0063C011 /* AnimalRecognition.mlmodel */; };
		B7A2C6D3234B9A970063C011 /* AnimalRecognitionViewController.swift in Sources */ = {isa = PBXBuildFile; fileRef = B7A2C6D2234B9A970063C011 /* AnimalRecognitionViewController.swift */; };
		B7A2C6D8234BAA6C0063C011 /* AnimalClassifier.mlmodel in Sources */ = {isa = PBXBuildFile; fileRef = B7A2C6D7234BAA6B0063C011 /* AnimalClassifier.mlmodel */; };
		B7A6712E235B64B500F9C7C7 /* philippinesWildlife.mlmodel in Sources */ = {isa = PBXBuildFile; fileRef = B7A6712D235B64B400F9C7C7 /* philippinesWildlife.mlmodel */; };
/* End PBXBuildFile section */

/* Begin PBXFileReference section */
		25886BECB80E45CC062DDFF3 /* Pods-SafariAR.release.xcconfig */ = {isa = PBXFileReference; includeInIndex = 1; lastKnownFileType = text.xcconfig; name = "Pods-SafariAR.release.xcconfig"; path = "Target Support Files/Pods-SafariAR/Pods-SafariAR.release.xcconfig"; sourceTree = "<group>"; };
		3A283C6A045DFD1C70E41B4A /* Pods_SafariAR.framework */ = {isa = PBXFileReference; explicitFileType = wrapper.framework; includeInIndex = 0; path = Pods_SafariAR.framework; sourceTree = BUILT_PRODUCTS_DIR; };
		9F8DE40FC1153DBC32E4B1DF /* Pods-SafariAR.debug.xcconfig */ = {isa = PBXFileReference; includeInIndex = 1; lastKnownFileType = text.xcconfig; name = "Pods-SafariAR.debug.xcconfig"; path = "Target Support Files/Pods-SafariAR/Pods-SafariAR.debug.xcconfig"; sourceTree = "<group>"; };
		B70D8BD9231AAFB800882160 /* HomeViewController.swift */ = {isa = PBXFileReference; lastKnownFileType = sourcecode.swift; path = HomeViewController.swift; sourceTree = "<group>"; };
		B715EE5A236835E900BA680B /* EndangeredAnimals.mlmodel */ = {isa = PBXFileReference; lastKnownFileType = file.mlmodel; path = EndangeredAnimals.mlmodel; sourceTree = "<group>"; };
		B72EC8EA2316AB16009CFFDA /* SafariAR.app */ = {isa = PBXFileReference; explicitFileType = wrapper.application; includeInIndex = 0; path = SafariAR.app; sourceTree = BUILT_PRODUCTS_DIR; };
		B72EC8ED2316AB17009CFFDA /* AppDelegate.swift */ = {isa = PBXFileReference; lastKnownFileType = sourcecode.swift; path = AppDelegate.swift; sourceTree = "<group>"; };
		B72EC8EF2316AB17009CFFDA /* art.scnassets */ = {isa = PBXFileReference; lastKnownFileType = wrapper.scnassets; path = art.scnassets; sourceTree = "<group>"; };
		B72EC8F12316AB17009CFFDA /* ARZooViewController.swift */ = {isa = PBXFileReference; lastKnownFileType = sourcecode.swift; path = ARZooViewController.swift; sourceTree = "<group>"; };
		B72EC8F42316AB17009CFFDA /* Base */ = {isa = PBXFileReference; lastKnownFileType = file.storyboard; name = Base; path = Base.lproj/Main.storyboard; sourceTree = "<group>"; };
		B72EC8F62316AB18009CFFDA /* Assets.xcassets */ = {isa = PBXFileReference; lastKnownFileType = folder.assetcatalog; path = Assets.xcassets; sourceTree = "<group>"; };
		B72EC8F92316AB18009CFFDA /* Base */ = {isa = PBXFileReference; lastKnownFileType = file.storyboard; name = Base; path = Base.lproj/LaunchScreen.storyboard; sourceTree = "<group>"; };
		B72EC8FB2316AB19009CFFDA /* Info.plist */ = {isa = PBXFileReference; lastKnownFileType = text.plist.xml; path = Info.plist; sourceTree = "<group>"; };
		B72EC9012316AB57009CFFDA /* elephant.mp4 */ = {isa = PBXFileReference; lastKnownFileType = file; path = elephant.mp4; sourceTree = "<group>"; };
		B737A33D2318335600A35B00 /* rhinos.mp4 */ = {isa = PBXFileReference; lastKnownFileType = file; path = rhinos.mp4; sourceTree = "<group>"; };
		B74BFE5B23216850007D0515 /* QuizViewController.swift */ = {isa = PBXFileReference; lastKnownFileType = sourcecode.swift; path = QuizViewController.swift; sourceTree = "<group>"; };
		B74BFE5D23217044007D0515 /* Question.swift */ = {isa = PBXFileReference; lastKnownFileType = sourcecode.swift; path = Question.swift; sourceTree = "<group>"; };
		B74BFE5F23217062007D0515 /* QuestionList.swift */ = {isa = PBXFileReference; lastKnownFileType = sourcecode.swift; path = QuestionList.swift; sourceTree = "<group>"; };
		B74BFE62232170E4007D0515 /* SafariAR-Bridging-Header.h */ = {isa = PBXFileReference; lastKnownFileType = sourcecode.c.h; path = "SafariAR-Bridging-Header.h"; sourceTree = "<group>"; };
		B74BFE63232170E6007D0515 /* ProgressHUD.bundle */ = {isa = PBXFileReference; lastKnownFileType = "wrapper.plug-in"; path = ProgressHUD.bundle; sourceTree = "<group>"; };
		B74BFE64232170E7007D0515 /* ProgressHUD.m */ = {isa = PBXFileReference; fileEncoding = 4; lastKnownFileType = sourcecode.c.objc; path = ProgressHUD.m; sourceTree = "<group>"; };
		B74BFE65232170EA007D0515 /* ProgressHUD.h */ = {isa = PBXFileReference; fileEncoding = 4; lastKnownFileType = sourcecode.c.h; path = ProgressHUD.h; sourceTree = "<group>"; };
		B74C97C92367C45B00EACA14 /* ESModel2.mlmodel */ = {isa = PBXFileReference; lastKnownFileType = file.mlmodel; path = ESModel2.mlmodel; sourceTree = "<group>"; };
		B7A2C6CC234B723E0063C011 /* AnimalRecognition.mlmodel */ = {isa = PBXFileReference; lastKnownFileType = file.mlmodel; path = AnimalRecognition.mlmodel; sourceTree = "<group>"; };
		B7A2C6D2234B9A970063C011 /* AnimalRecognitionViewController.swift */ = {isa = PBXFileReference; lastKnownFileType = sourcecode.swift; path = AnimalRecognitionViewController.swift; sourceTree = "<group>"; };
		B7A2C6D7234BAA6B0063C011 /* AnimalClassifier.mlmodel */ = {isa = PBXFileReference; lastKnownFileType = file.mlmodel; path = AnimalClassifier.mlmodel; sourceTree = "<group>"; };
		B7A6712D235B64B400F9C7C7 /* philippinesWildlife.mlmodel */ = {isa = PBXFileReference; lastKnownFileType = file.mlmodel; path = philippinesWildlife.mlmodel; sourceTree = "<group>"; };
/* End PBXFileReference section */

/* Begin PBXFrameworksBuildPhase section */
		B72EC8E72316AB16009CFFDA /* Frameworks */ = {
			isa = PBXFrameworksBuildPhase;
			buildActionMask = 2147483647;
			files = (
				76C18EAC51106EB298D870ED /* Pods_SafariAR.framework in Frameworks */,
			);
			runOnlyForDeploymentPostprocessing = 0;
		};
/* End PBXFrameworksBuildPhase section */

/* Begin PBXGroup section */
		B72EC8E12316AB16009CFFDA = {
			isa = PBXGroup;
			children = (
				B72EC8EC2316AB16009CFFDA /* SafariAR */,
				B72EC8EB2316AB16009CFFDA /* Products */,
				F64B2BC385E9243238AA172E /* Pods */,
				E5DA9756A323A85530666561 /* Frameworks */,
			);
			sourceTree = "<group>";
		};
		B72EC8EB2316AB16009CFFDA /* Products */ = {
			isa = PBXGroup;
			children = (
				B72EC8EA2316AB16009CFFDA /* SafariAR.app */,
			);
			name = Products;
			sourceTree = "<group>";
		};
		B72EC8EC2316AB16009CFFDA /* SafariAR */ = {
			isa = PBXGroup;
			children = (
				B74BFE61232170B6007D0515 /* Supporting Files */,
				B74BFE5A23216679007D0515 /* Model */,
				B74BFE59232165EF007D0515 /* View */,
				B74BFE582321653E007D0515 /* Controllers */,
				B72EC8ED2316AB17009CFFDA /* AppDelegate.swift */,
				B72EC8F82316AB18009CFFDA /* LaunchScreen.storyboard */,
				B72EC8FB2316AB19009CFFDA /* Info.plist */,
				B7A6712D235B64B400F9C7C7 /* philippinesWildlife.mlmodel */,
				B715EE5A236835E900BA680B /* EndangeredAnimals.mlmodel */,
				B7A2C6CC234B723E0063C011 /* AnimalRecognition.mlmodel */,
				B74C97C92367C45B00EACA14 /* ESModel2.mlmodel */,
				B7A2C6D7234BAA6B0063C011 /* AnimalClassifier.mlmodel */,
			);
			path = SafariAR;
			sourceTree = "<group>";
		};
		B74BFE582321653E007D0515 /* Controllers */ = {
			isa = PBXGroup;
			children = (
				B72EC8F12316AB17009CFFDA /* ARZooViewController.swift */,
				B70D8BD9231AAFB800882160 /* HomeViewController.swift */,
				B74BFE5B23216850007D0515 /* QuizViewController.swift */,
				B7A2C6D2234B9A970063C011 /* AnimalRecognitionViewController.swift */,
			);
			path = Controllers;
			sourceTree = "<group>";
		};
		B74BFE59232165EF007D0515 /* View */ = {
			isa = PBXGroup;
			children = (
				B72EC8F32316AB17009CFFDA /* Main.storyboard */,
				B72EC8EF2316AB17009CFFDA /* art.scnassets */,
				B72EC8F62316AB18009CFFDA /* Assets.xcassets */,
				B737A33D2318335600A35B00 /* rhinos.mp4 */,
				B72EC9012316AB57009CFFDA /* elephant.mp4 */,
			);
			path = View;
			sourceTree = "<group>";
		};
		B74BFE5A23216679007D0515 /* Model */ = {
			isa = PBXGroup;
			children = (
				B74BFE5D23217044007D0515 /* Question.swift */,
				B74BFE5F23217062007D0515 /* QuestionList.swift */,
			);
			path = Model;
			sourceTree = "<group>";
		};
		B74BFE61232170B6007D0515 /* Supporting Files */ = {
			isa = PBXGroup;
			children = (
				B74BFE63232170E6007D0515 /* ProgressHUD.bundle */,
				B74BFE65232170EA007D0515 /* ProgressHUD.h */,
				B74BFE64232170E7007D0515 /* ProgressHUD.m */,
				B74BFE62232170E4007D0515 /* SafariAR-Bridging-Header.h */,
			);
			path = "Supporting Files";
			sourceTree = "<group>";
		};
		E5DA9756A323A85530666561 /* Frameworks */ = {
			isa = PBXGroup;
			children = (
				3A283C6A045DFD1C70E41B4A /* Pods_SafariAR.framework */,
			);
			name = Frameworks;
			sourceTree = "<group>";
		};
		F64B2BC385E9243238AA172E /* Pods */ = {
			isa = PBXGroup;
			children = (
				9F8DE40FC1153DBC32E4B1DF /* Pods-SafariAR.debug.xcconfig */,
				25886BECB80E45CC062DDFF3 /* Pods-SafariAR.release.xcconfig */,
			);
			path = Pods;
			sourceTree = "<group>";
		};
/* End PBXGroup section */

/* Begin PBXNativeTarget section */
		B72EC8E92316AB16009CFFDA /* SafariAR */ = {
			isa = PBXNativeTarget;
			buildConfigurationList = B72EC8FE2316AB19009CFFDA /* Build configuration list for PBXNativeTarget "SafariAR" */;
			buildPhases = (
				63FFF97424402D664F8BD2D1 /* [CP] Check Pods Manifest.lock */,
				B72EC8E62316AB16009CFFDA /* Sources */,
				B72EC8E72316AB16009CFFDA /* Frameworks */,
				B72EC8E82316AB16009CFFDA /* Resources */,
				401EF713FE1C54B18A3207D4 /* [CP] Embed Pods Frameworks */,
			);
			buildRules = (
			);
			dependencies = (
			);
			name = SafariAR;
			productName = SafariAR;
			productReference = B72EC8EA2316AB16009CFFDA /* SafariAR.app */;
			productType = "com.apple.product-type.application";
		};
/* End PBXNativeTarget section */

/* Begin PBXProject section */
		B72EC8E22316AB16009CFFDA /* Project object */ = {
			isa = PBXProject;
			attributes = {
				LastSwiftUpdateCheck = 1030;
				LastUpgradeCheck = 1030;
				ORGANIZATIONNAME = ZET;
				TargetAttributes = {
					B72EC8E92316AB16009CFFDA = {
						CreatedOnToolsVersion = 10.3;
						LastSwiftMigration = 1030;
					};
				};
			};
			buildConfigurationList = B72EC8E52316AB16009CFFDA /* Build configuration list for PBXProject "SafariAR" */;
			compatibilityVersion = "Xcode 9.3";
			developmentRegion = en;
			hasScannedForEncodings = 0;
			knownRegions = (
				en,
				Base,
			);
			mainGroup = B72EC8E12316AB16009CFFDA;
			productRefGroup = B72EC8EB2316AB16009CFFDA /* Products */;
			projectDirPath = "";
			projectRoot = "";
			targets = (
				B72EC8E92316AB16009CFFDA /* SafariAR */,
			);
		};
/* End PBXProject section */

/* Begin PBXResourcesBuildPhase section */
		B72EC8E82316AB16009CFFDA /* Resources */ = {
			isa = PBXResourcesBuildPhase;
			buildActionMask = 2147483647;
			files = (
				B70D8BD72319B49200882160 /* rhinos.mp4 in Resources */,
				B70D8BD42319B44900882160 /* Main.storyboard in Resources */,
				B74BFE66232170EA007D0515 /* ProgressHUD.bundle in Resources */,
				B70D8BD52319B48900882160 /* art.scnassets in Resources */,
				B70D8BD62319B49000882160 /* elephant.mp4 in Resources */,
				B70D8BD82319B74D00882160 /* Assets.xcassets in Resources */,
			);
			runOnlyForDeploymentPostprocessing = 0;
		};
/* End PBXResourcesBuildPhase section */

/* Begin PBXShellScriptBuildPhase section */
		401EF713FE1C54B18A3207D4 /* [CP] Embed Pods Frameworks */ = {
			isa = PBXShellScriptBuildPhase;
			buildActionMask = 2147483647;
			files = (
			);
			inputFileListPaths = (
				"${PODS_ROOT}/Target Support Files/Pods-SafariAR/Pods-SafariAR-frameworks-${CONFIGURATION}-input-files.xcfilelist",
			);
			name = "[CP] Embed Pods Frameworks";
			outputFileListPaths = (
				"${PODS_ROOT}/Target Support Files/Pods-SafariAR/Pods-SafariAR-frameworks-${CONFIGURATION}-output-files.xcfilelist",
			);
			runOnlyForDeploymentPostprocessing = 0;
			shellPath = /bin/sh;
			shellScript = "\"${PODS_ROOT}/Target Support Files/Pods-SafariAR/Pods-SafariAR-frameworks.sh\"\n";
			showEnvVarsInLog = 0;
		};
		63FFF97424402D664F8BD2D1 /* [CP] Check Pods Manifest.lock */ = {
			isa = PBXShellScriptBuildPhase;
			buildActionMask = 2147483647;
			files = (
			);
			inputFileListPaths = (
			);
			inputPaths = (
				"${PODS_PODFILE_DIR_PATH}/Podfile.lock",
				"${PODS_ROOT}/Manifest.lock",
			);
			name = "[CP] Check Pods Manifest.lock";
			outputFileListPaths = (
			);
			outputPaths = (
				"$(DERIVED_FILE_DIR)/Pods-SafariAR-checkManifestLockResult.txt",
			);
			runOnlyForDeploymentPostprocessing = 0;
			shellPath = /bin/sh;
			shellScript = "diff \"${PODS_PODFILE_DIR_PATH}/Podfile.lock\" \"${PODS_ROOT}/Manifest.lock\" > /dev/null\nif [ $? != 0 ] ; then\n    # print error to STDERR\n    echo \"error: The sandbox is not in sync with the Podfile.lock. Run 'pod install' or update your CocoaPods installation.\" >&2\n    exit 1\nfi\n# This output is used by Xcode 'outputs' to avoid re-running this script phase.\necho \"SUCCESS\" > \"${SCRIPT_OUTPUT_FILE_0}\"\n";
			showEnvVarsInLog = 0;
		};
/* End PBXShellScriptBuildPhase section */

/* Begin PBXSourcesBuildPhase section */
		B72EC8E62316AB16009CFFDA /* Sources */ = {
			isa = PBXSourcesBuildPhase;
			buildActionMask = 2147483647;
			files = (
				B7A2C6D3234B9A970063C011 /* AnimalRecognitionViewController.swift in Sources */,
				B72EC8F22316AB17009CFFDA /* ARZooViewController.swift in Sources */,
				B7A6712E235B64B500F9C7C7 /* philippinesWildlife.mlmodel in Sources */,
				B72EC8EE2316AB17009CFFDA /* AppDelegate.swift in Sources */,
				B7A2C6D8234BAA6C0063C011 /* AnimalClassifier.mlmodel in Sources */,
				B74BFE5E23217044007D0515 /* Question.swift in Sources */,
				B74BFE5C23216850007D0515 /* QuizViewController.swift in Sources */,
				B715EE5B236835E900BA680B /* EndangeredAnimals.mlmodel in Sources */,
				B74BFE67232170EA007D0515 /* ProgressHUD.m in Sources */,
				B70D8BDA231AAFB800882160 /* HomeViewController.swift in Sources */,
				B74BFE6023217062007D0515 /* QuestionList.swift in Sources */,
				B7A2C6CD234B723E0063C011 /* AnimalRecognition.mlmodel in Sources */,
				B74C97CA2367C45C00EACA14 /* ESModel2.mlmodel in Sources */,
			);
			runOnlyForDeploymentPostprocessing = 0;
		};
/* End PBXSourcesBuildPhase section */

/* Begin PBXVariantGroup section */
		B72EC8F32316AB17009CFFDA /* Main.storyboard */ = {
			isa = PBXVariantGroup;
			children = (
				B72EC8F42316AB17009CFFDA /* Base */,
			);
			name = Main.storyboard;
			sourceTree = "<group>";
		};
		B72EC8F82316AB18009CFFDA /* LaunchScreen.storyboard */ = {
			isa = PBXVariantGroup;
			children = (
				B72EC8F92316AB18009CFFDA /* Base */,
			);
			name = LaunchScreen.storyboard;
			sourceTree = "<group>";
		};
/* End PBXVariantGroup section */

/* Begin XCBuildConfiguration section */
		B72EC8FC2316AB19009CFFDA /* Debug */ = {
			isa = XCBuildConfiguration;
			buildSettings = {
				ALWAYS_SEARCH_USER_PATHS = NO;
				CLANG_ANALYZER_NONNULL = YES;
				CLANG_ANALYZER_NUMBER_OBJECT_CONVERSION = YES_AGGRESSIVE;
				CLANG_CXX_LANGUAGE_STANDARD = "gnu++14";
				CLANG_CXX_LIBRARY = "libc++";
				CLANG_ENABLE_MODULES = YES;
				CLANG_ENABLE_OBJC_ARC = YES;
				CLANG_ENABLE_OBJC_WEAK = YES;
				CLANG_WARN_BLOCK_CAPTURE_AUTORELEASING = YES;
				CLANG_WARN_BOOL_CONVERSION = YES;
				CLANG_WARN_COMMA = YES;
				CLANG_WARN_CONSTANT_CONVERSION = YES;
				CLANG_WARN_DEPRECATED_OBJC_IMPLEMENTATIONS = YES;
				CLANG_WARN_DIRECT_OBJC_ISA_USAGE = YES_ERROR;
				CLANG_WARN_DOCUMENTATION_COMMENTS = YES;
				CLANG_WARN_EMPTY_BODY = YES;
				CLANG_WARN_ENUM_CONVERSION = YES;
				CLANG_WARN_INFINITE_RECURSION = YES;
				CLANG_WARN_INT_CONVERSION = YES;
				CLANG_WARN_NON_LITERAL_NULL_CONVERSION = YES;
				CLANG_WARN_OBJC_IMPLICIT_RETAIN_SELF = YES;
				CLANG_WARN_OBJC_LITERAL_CONVERSION = YES;
				CLANG_WARN_OBJC_ROOT_CLASS = YES_ERROR;
				CLANG_WARN_RANGE_LOOP_ANALYSIS = YES;
				CLANG_WARN_STRICT_PROTOTYPES = YES;
				CLANG_WARN_SUSPICIOUS_MOVE = YES;
				CLANG_WARN_UNGUARDED_AVAILABILITY = YES_AGGRESSIVE;
				CLANG_WARN_UNREACHABLE_CODE = YES;
				CLANG_WARN__DUPLICATE_METHOD_MATCH = YES;
				CODE_SIGN_IDENTITY = "iPhone Developer";
				COPY_PHASE_STRIP = NO;
				DEBUG_INFORMATION_FORMAT = dwarf;
				ENABLE_STRICT_OBJC_MSGSEND = YES;
				ENABLE_TESTABILITY = YES;
				GCC_C_LANGUAGE_STANDARD = gnu11;
				GCC_DYNAMIC_NO_PIC = NO;
				GCC_NO_COMMON_BLOCKS = YES;
				GCC_OPTIMIZATION_LEVEL = 0;
				GCC_PREPROCESSOR_DEFINITIONS = (
					"DEBUG=1",
					"$(inherited)",
				);
				GCC_WARN_64_TO_32_BIT_CONVERSION = YES;
				GCC_WARN_ABOUT_RETURN_TYPE = YES_ERROR;
				GCC_WARN_UNDECLARED_SELECTOR = YES;
				GCC_WARN_UNINITIALIZED_AUTOS = YES_AGGRESSIVE;
				GCC_WARN_UNUSED_FUNCTION = YES;
				GCC_WARN_UNUSED_VARIABLE = YES;
				IPHONEOS_DEPLOYMENT_TARGET = 12.4;
				MTL_ENABLE_DEBUG_INFO = INCLUDE_SOURCE;
				MTL_FAST_MATH = YES;
				ONLY_ACTIVE_ARCH = YES;
				SDKROOT = iphoneos;
				SWIFT_ACTIVE_COMPILATION_CONDITIONS = DEBUG;
				SWIFT_OPTIMIZATION_LEVEL = "-Onone";
			};
			name = Debug;
		};
		B72EC8FD2316AB19009CFFDA /* Release */ = {
			isa = XCBuildConfiguration;
			buildSettings = {
				ALWAYS_SEARCH_USER_PATHS = NO;
				CLANG_ANALYZER_NONNULL = YES;
				CLANG_ANALYZER_NUMBER_OBJECT_CONVERSION = YES_AGGRESSIVE;
				CLANG_CXX_LANGUAGE_STANDARD = "gnu++14";
				CLANG_CXX_LIBRARY = "libc++";
				CLANG_ENABLE_MODULES = YES;
				CLANG_ENABLE_OBJC_ARC = YES;
				CLANG_ENABLE_OBJC_WEAK = YES;
				CLANG_WARN_BLOCK_CAPTURE_AUTORELEASING = YES;
				CLANG_WARN_BOOL_CONVERSION = YES;
				CLANG_WARN_COMMA = YES;
				CLANG_WARN_CONSTANT_CONVERSION = YES;
				CLANG_WARN_DEPRECATED_OBJC_IMPLEMENTATIONS = YES;
				CLANG_WARN_DIRECT_OBJC_ISA_USAGE = YES_ERROR;
				CLANG_WARN_DOCUMENTATION_COMMENTS = YES;
				CLANG_WARN_EMPTY_BODY = YES;
				CLANG_WARN_ENUM_CONVERSION = YES;
				CLANG_WARN_INFINITE_RECURSION = YES;
				CLANG_WARN_INT_CONVERSION = YES;
				CLANG_WARN_NON_LITERAL_NULL_CONVERSION = YES;
				CLANG_WARN_OBJC_IMPLICIT_RETAIN_SELF = YES;
				CLANG_WARN_OBJC_LITERAL_CONVERSION = YES;
				CLANG_WARN_OBJC_ROOT_CLASS = YES_ERROR;
				CLANG_WARN_RANGE_LOOP_ANALYSIS = YES;
				CLANG_WARN_STRICT_PROTOTYPES = YES;
				CLANG_WARN_SUSPICIOUS_MOVE = YES;
				CLANG_WARN_UNGUARDED_AVAILABILITY = YES_AGGRESSIVE;
				CLANG_WARN_UNREACHABLE_CODE = YES;
				CLANG_WARN__DUPLICATE_METHOD_MATCH = YES;
				CODE_SIGN_IDENTITY = "iPhone Developer";
				COPY_PHASE_STRIP = NO;
				DEBUG_INFORMATION_FORMAT = "dwarf-with-dsym";
				ENABLE_NS_ASSERTIONS = NO;
				ENABLE_STRICT_OBJC_MSGSEND = YES;
				GCC_C_LANGUAGE_STANDARD = gnu11;
				GCC_NO_COMMON_BLOCKS = YES;
				GCC_WARN_64_TO_32_BIT_CONVERSION = YES;
				GCC_WARN_ABOUT_RETURN_TYPE = YES_ERROR;
				GCC_WARN_UNDECLARED_SELECTOR = YES;
				GCC_WARN_UNINITIALIZED_AUTOS = YES_AGGRESSIVE;
				GCC_WARN_UNUSED_FUNCTION = YES;
				GCC_WARN_UNUSED_VARIABLE = YES;
				IPHONEOS_DEPLOYMENT_TARGET = 12.4;
				MTL_ENABLE_DEBUG_INFO = NO;
				MTL_FAST_MATH = YES;
				SDKROOT = iphoneos;
				SWIFT_COMPILATION_MODE = wholemodule;
				SWIFT_OPTIMIZATION_LEVEL = "-O";
				VALIDATE_PRODUCT = YES;
			};
			name = Release;
		};
		B72EC8FF2316AB19009CFFDA /* Debug */ = {
			isa = XCBuildConfiguration;
			baseConfigurationReference = 9F8DE40FC1153DBC32E4B1DF /* Pods-SafariAR.debug.xcconfig */;
			buildSettings = {
				ASSETCATALOG_COMPILER_APPICON_NAME = AppIcon;
				CLANG_ENABLE_MODULES = YES;
				CODE_SIGN_STYLE = Automatic;
				DEVELOPMENT_TEAM = 8PF2P6PZ42;
				INFOPLIST_FILE = SafariAR/Info.plist;
				LD_RUNPATH_SEARCH_PATHS = (
					"$(inherited)",
					"@executable_path/Frameworks",
				);
				PRODUCT_BUNDLE_IDENTIFIER = zetcapstone.SafariAR;
				PRODUCT_NAME = "$(TARGET_NAME)";
				SWIFT_OBJC_BRIDGING_HEADER = "SafariAR/Supporting Files/SafariAR-Bridging-Header.h";
				SWIFT_OPTIMIZATION_LEVEL = "-Onone";
				SWIFT_VERSION = 5.0;
				TARGETED_DEVICE_FAMILY = "1,2";
			};
			name = Debug;
		};
		B72EC9002316AB19009CFFDA /* Release */ = {
			isa = XCBuildConfiguration;
			baseConfigurationReference = 25886BECB80E45CC062DDFF3 /* Pods-SafariAR.release.xcconfig */;
			buildSettings = {
				ASSETCATALOG_COMPILER_APPICON_NAME = AppIcon;
				CLANG_ENABLE_MODULES = YES;
				CODE_SIGN_STYLE = Automatic;
				DEVELOPMENT_TEAM = 8PF2P6PZ42;
				INFOPLIST_FILE = SafariAR/Info.plist;
				LD_RUNPATH_SEARCH_PATHS = (
					"$(inherited)",
					"@executable_path/Frameworks",
				);
				PRODUCT_BUNDLE_IDENTIFIER = zetcapstone.SafariAR;
				PRODUCT_NAME = "$(TARGET_NAME)";
				SWIFT_OBJC_BRIDGING_HEADER = "SafariAR/Supporting Files/SafariAR-Bridging-Header.h";
				SWIFT_VERSION = 5.0;
				TARGETED_DEVICE_FAMILY = "1,2";
			};
			name = Release;
		};
/* End XCBuildConfiguration section */

/* Begin XCConfigurationList section */
		B72EC8E52316AB16009CFFDA /* Build configuration list for PBXProject "SafariAR" */ = {
			isa = XCConfigurationList;
			buildConfigurations = (
				B72EC8FC2316AB19009CFFDA /* Debug */,
				B72EC8FD2316AB19009CFFDA /* Release */,
			);
			defaultConfigurationIsVisible = 0;
			defaultConfigurationName = Release;
		};
		B72EC8FE2316AB19009CFFDA /* Build configuration list for PBXNativeTarget "SafariAR" */ = {
			isa = XCConfigurationList;
			buildConfigurations = (
				B72EC8FF2316AB19009CFFDA /* Debug */,
				B72EC9002316AB19009CFFDA /* Release */,
			);
			defaultConfigurationIsVisible = 0;
			defaultConfigurationName = Release;
		};
/* End XCConfigurationList section */
	};
	rootObject = B72EC8E22316AB16009CFFDA /* Project object */;
}
